
Microsoft Visual Studio Solution File, Format Version 12.00
# Visual Studio Version 16
VisualStudioVersion = 16.0.31624.102
MinimumVisualStudioVersion = 10.0.40219.1
Project("{9A19103F-16F7-4668-BE54-9A1E7A4F7556}") = "location", "myClient\location.csproj", "{5A189314-65D3-4E1B-850E-267B381E0B29}"
EndProject
Project("{9A19103F-16F7-4668-BE54-9A1E7A4F7556}") = "locationserver", "locationServer\locationserver.csproj", "{00AB6FDA-E430-4065-8B79-058E1B72C9E3}"
EndProject
Global
	GlobalSection(SolutionConfigurationPlatforms) = preSolution
		Both|Any CPU = Both|Any CPU
		Debug|Any CPU = Debug|Any CPU
		Release|Any CPU = Release|Any CPU
	EndGlobalSection
	GlobalSection(ProjectConfigurationPlatforms) = postSolution
		{5A189314-65D3-4E1B-850E-267B381E0B29}.Both|Any CPU.ActiveCfg = Both|Any CPU
		{5A189314-65D3-4E1B-850E-267B381E0B29}.Both|Any CPU.Build.0 = Both|Any CPU
		{5A189314-65D3-4E1B-850E-267B381E0B29}.Debug|Any CPU.ActiveCfg = Debug|Any CPU
		{5A189314-65D3-4E1B-850E-267B381E0B29}.Debug|Any CPU.Build.0 = Debug|Any CPU
		{5A189314-65D3-4E1B-850E-267B381E0B29}.Release|Any CPU.ActiveCfg = Release|Any CPU
		{5A189314-65D3-4E1B-850E-267B381E0B29}.Release|Any CPU.Build.0 = Release|Any CPU
		{00AB6FDA-E430-4065-8B79-058E1B72C9E3}.Both|Any CPU.ActiveCfg = Both|Any CPU
		{00AB6FDA-E430-4065-8B79-058E1B72C9E3}.Both|Any CPU.Build.0 = Both|Any CPU
		{00AB6FDA-E430-4065-8B79-058E1B72C9E3}.Debug|Any CPU.ActiveCfg = Debug|Any CPU
		{00AB6FDA-E430-4065-8B79-058E1B72C9E3}.Debug|Any CPU.Build.0 = Debug|Any CPU
		{00AB6FDA-E430-4065-8B79-058E1B72C9E3}.Release|Any CPU.ActiveCfg = Release|Any CPU
		{00AB6FDA-E430-4065-8B79-058E1B72C9E3}.Release|Any CPU.Build.0 = Release|Any CPU
	EndGlobalSection
	GlobalSection(SolutionProperties) = preSolution
		HideSolutionNode = FALSE
	EndGlobalSection
	GlobalSection(ExtensibilityGlobals) = postSolution
		SolutionGuid = {4FBDFA05-9390-40F5-B402-7E8D715E7747}
	EndGlobalSection
EndGlobal
